// !$*UTF8*$!
{
	archiveVersion = 1;
	classes = {
	};
	objectVersion = 46;
	objects = {

/* Begin PBXBuildFile section */
		7C62C7221D10A6E9007374D4 /* AppDelegate.swift in Sources */ = {isa = PBXBuildFile; fileRef = 7C62C7211D10A6E9007374D4 /* AppDelegate.swift */; };
		7C62C7241D10A6E9007374D4 /* Assets.xcassets in Resources */ = {isa = PBXBuildFile; fileRef = 7C62C7231D10A6E9007374D4 /* Assets.xcassets */; };
		7C62C7271D10A6E9007374D4 /* MainMenu.xib in Resources */ = {isa = PBXBuildFile; fileRef = 7C62C7251D10A6E9007374D4 /* MainMenu.xib */; };
/* End PBXBuildFile section */

/* Begin PBXFileReference section */
		7C62C71E1D10A6E9007374D4 /* EmojifyApplication.app */ = {isa = PBXFileReference; explicitFileType = wrapper.application; includeInIndex = 0; path = EmojifyApplication.app; sourceTree = BUILT_PRODUCTS_DIR; };
		7C62C7211D10A6E9007374D4 /* AppDelegate.swift */ = {isa = PBXFileReference; lastKnownFileType = sourcecode.swift; path = AppDelegate.swift; sourceTree = "<group>"; };
		7C62C7231D10A6E9007374D4 /* Assets.xcassets */ = {isa = PBXFileReference; lastKnownFileType = folder.assetcatalog; path = Assets.xcassets; sourceTree = "<group>"; };
		7C62C7261D10A6E9007374D4 /* Base */ = {isa = PBXFileReference; lastKnownFileType = file.xib; name = Base; path = Base.lproj/MainMenu.xib; sourceTree = "<group>"; };
		7C62C7281D10A6E9007374D4 /* Info.plist */ = {isa = PBXFileReference; lastKnownFileType = text.plist.xml; path = Info.plist; sourceTree = "<group>"; };
/* End PBXFileReference section */

/* Begin PBXFrameworksBuildPhase section */
		7C62C71B1D10A6E9007374D4 /* Frameworks */ = {
			isa = PBXFrameworksBuildPhase;
			buildActionMask = 2147483647;
			files = (
			);
			runOnlyForDeploymentPostprocessing = 0;
		};
/* End PBXFrameworksBuildPhase section */

/* Begin PBXGroup section */
		7C62C7151D10A6E9007374D4 = {
			isa = PBXGroup;
			children = (
				7C62C7201D10A6E9007374D4 /* EmojifyApplication */,
				7C62C71F1D10A6E9007374D4 /* Products */,
			);
			sourceTree = "<group>";
		};
		7C62C71F1D10A6E9007374D4 /* Products */ = {
			isa = PBXGroup;
			children = (
				7C62C71E1D10A6E9007374D4 /* EmojifyApplication.app */,
			);
			name = Products;
			sourceTree = "<group>";
		};
		7C62C7201D10A6E9007374D4 /* EmojifyApplication */ = {
			isa = PBXGroup;
			children = (
				7C62C7211D10A6E9007374D4 /* AppDelegate.swift */,
				7C62C7231D10A6E9007374D4 /* Assets.xcassets */,
				7C62C7251D10A6E9007374D4 /* MainMenu.xib */,
				7C62C7281D10A6E9007374D4 /* Info.plist */,
			);
			path = EmojifyApplication;
			sourceTree = "<group>";
		};
/* End PBXGroup section */

/* Begin PBXNativeTarget section */
		7C62C71D1D10A6E9007374D4 /* EmojifyApplication */ = {
			isa = PBXNativeTarget;
			buildConfigurationList = 7C62C72B1D10A6E9007374D4 /* Build configuration list for PBXNativeTarget "EmojifyApplication" */;
			buildPhases = (
				7C62C71A1D10A6E9007374D4 /* Sources */,
				7C62C71B1D10A6E9007374D4 /* Frameworks */,
				7C62C71C1D10A6E9007374D4 /* Resources */,
			);
			buildRules = (
			);
			dependencies = (
			);
			name = EmojifyApplication;
			productName = EmojifyApplication;
			productReference = 7C62C71E1D10A6E9007374D4 /* EmojifyApplication.app */;
			productType = "com.apple.product-type.application";
		};
/* End PBXNativeTarget section */

/* Begin PBXProject section */
		7C62C7161D10A6E9007374D4 /* Project object */ = {
			isa = PBXProject;
			attributes = {
				LastSwiftUpdateCheck = 0800;
				LastUpgradeCheck = 0800;
				ORGANIZATIONNAME = "Bhargav Gurlanka";
				TargetAttributes = {
					7C62C71D1D10A6E9007374D4 = {
						CreatedOnToolsVersion = 8.0;
						DevelopmentTeam = QXD5K32E7D;
						DevelopmentTeamName = "Bhargav Gurlanka (Personal Team)";
						ProvisioningStyle = Automatic;
					};
				};
			};
			buildConfigurationList = 7C62C7191D10A6E9007374D4 /* Build configuration list for PBXProject "EmojifyApplication" */;
			compatibilityVersion = "Xcode 3.2";
			developmentRegion = English;
			hasScannedForEncodings = 0;
			knownRegions = (
				en,
				Base,
			);
			mainGroup = 7C62C7151D10A6E9007374D4;
			productRefGroup = 7C62C71F1D10A6E9007374D4 /* Products */;
			projectDirPath = "";
			projectRoot = "";
			targets = (
				7C62C71D1D10A6E9007374D4 /* EmojifyApplication */,
			);
		};
/* End PBXProject section */

/* Begin PBXResourcesBuildPhase section */
		7C62C71C1D10A6E9007374D4 /* Resources */ = {
			isa = PBXResourcesBuildPhase;
			buildActionMask = 2147483647;
			files = (
				7C62C7241D10A6E9007374D4 /* Assets.xcassets in Resources */,
				7C62C7271D10A6E9007374D4 /* MainMenu.xib in Resources */,
			);
			runOnlyForDeploymentPostprocessing = 0;
		};
/* End PBXResourcesBuildPhase section */

/* Begin PBXSourcesBuildPhase section */
		7C62C71A1D10A6E9007374D4 /* Sources */ = {
			isa = PBXSourcesBuildPhase;
			buildActionMask = 2147483647;
			files = (
				7C62C7221D10A6E9007374D4 /* AppDelegate.swift in Sources */,
			);
			runOnlyForDeploymentPostprocessing = 0;
		};
/* End PBXSourcesBuildPhase section */

/* Begin PBXVariantGroup section */
		7C62C7251D10A6E9007374D4 /* MainMenu.xib */ = {
			isa = PBXVariantGroup;
			children = (
				7C62C7261D10A6E9007374D4 /* Base */,
			);
			name = MainMenu.xib;
			sourceTree = "<group>";
		};
/* End PBXVariantGroup section */

/* Begin XCBuildConfiguration section */
		7C62C7291D10A6E9007374D4 /* Debug */ = {
			isa = XCBuildConfiguration;
			buildSettings = {
				ALWAYS_SEARCH_USER_PATHS = NO;
				CLANG_ANALYZER_NONNULL = YES;
				CLANG_CXX_LANGUAGE_STANDARD = "gnu++0x";
				CLANG_CXX_LIBRARY = "libc++";
				CLANG_ENABLE_MODULES = YES;
				CLANG_ENABLE_OBJC_ARC = YES;
				CLANG_WARN_BOOL_CONVERSION = YES;
				CLANG_WARN_CONSTANT_CONVERSION = YES;
				CLANG_WARN_DIRECT_OBJC_ISA_USAGE = YES_ERROR;
				CLANG_WARN_DOCUMENTATION_COMMENTS = YES;
				CLANG_WARN_EMPTY_BODY = YES;
				CLANG_WARN_ENUM_CONVERSION = YES;
				CLANG_WARN_INT_CONVERSION = YES;
				CLANG_WARN_OBJC_ROOT_CLASS = YES_ERROR;
				CLANG_WARN_UNREACHABLE_CODE = YES;
				CLANG_WARN__DUPLICATE_METHOD_MATCH = YES;
				CODE_SIGN_IDENTITY = "-";
				COPY_PHASE_STRIP = NO;
				DEBUG_INFORMATION_FORMAT = dwarf;
				ENABLE_STRICT_OBJC_MSGSEND = YES;
				ENABLE_TESTABILITY = YES;
				GCC_C_LANGUAGE_STANDARD = gnu99;
				GCC_DYNAMIC_NO_PIC = NO;
				GCC_NO_COMMON_BLOCKS = YES;
				GCC_OPTIMIZATION_LEVEL = 0;
				GCC_PREPROCESSOR_DEFINITIONS = (
					"DEBUG=1",
					"$(inherited)",
				);
				GCC_WARN_64_TO_32_BIT_CONVERSION = YES;
				GCC_WARN_ABOUT_RETURN_TYPE = YES_ERROR;
				GCC_WARN_UNDECLARED_SELECTOR = YES;
				GCC_WARN_UNINITIALIZED_AUTOS = YES_AGGRESSIVE;
				GCC_WARN_UNUSED_FUNCTION = YES;
				GCC_WARN_UNUSED_VARIABLE = YES;
				MACOSX_DEPLOYMENT_TARGET = 10.11;
				MTL_ENABLE_DEBUG_INFO = YES;
				ONLY_ACTIVE_ARCH = YES;
				SDKROOT = macosx;
				SWIFT_ACTIVE_COMPILATION_CONDITIONS = DEBUG;
				SWIFT_OPTIMIZATION_LEVEL = "-Onone";
			};
			name = Debug;
		};
		7C62C72A1D10A6E9007374D4 /* Release */ = {
			isa = XCBuildConfiguration;
			buildSettings = {
				ALWAYS_SEARCH_USER_PATHS = NO;
				CLANG_ANALYZER_NONNULL = YES;
				CLANG_CXX_LANGUAGE_STANDARD = "gnu++0x";
				CLANG_CXX_LIBRARY = "libc++";
				CLANG_ENABLE_MODULES = YES;
				CLANG_ENABLE_OBJC_ARC = YES;
				CLANG_WARN_BOOL_CONVERSION = YES;
				CLANG_WARN_CONSTANT_CONVERSION = YES;
				CLANG_WARN_DIRECT_OBJC_ISA_USAGE = YES_ERROR;
				CLANG_WARN_DOCUMENTATION_COMMENTS = YES;
				CLANG_WARN_EMPTY_BODY = YES;
				CLANG_WARN_ENUM_CONVERSION = YES;
				CLANG_WARN_INT_CONVERSION = YES;
				CLANG_WARN_OBJC_ROOT_CLASS = YES_ERROR;
				CLANG_WARN_UNREACHABLE_CODE = YES;
				CLANG_WARN__DUPLICATE_METHOD_MATCH = YES;
				CODE_SIGN_IDENTITY = "-";
				COPY_PHASE_STRIP = NO;
				DEBUG_INFORMATION_FORMAT = "dwarf-with-dsym";
				ENABLE_NS_ASSERTIONS = NO;
				ENABLE_STRICT_OBJC_MSGSEND = YES;
				GCC_C_LANGUAGE_STANDARD = gnu99;
				GCC_NO_COMMON_BLOCKS = YES;
				GCC_WARN_64_TO_32_BIT_CONVERSION = YES;
				GCC_WARN_ABOUT_RETURN_TYPE = YES_ERROR;
				GCC_WARN_UNDECLARED_SELECTOR = YES;
				GCC_WARN_UNINITIALIZED_AUTOS = YES_AGGRESSIVE;
				GCC_WARN_UNUSED_FUNCTION = YES;
				GCC_WARN_UNUSED_VARIABLE = YES;
				MACOSX_DEPLOYMENT_TARGET = 10.11;
				MTL_ENABLE_DEBUG_INFO = NO;
				SDKROOT = macosx;
				SWIFT_OPTIMIZATION_LEVEL = "-Owholemodule";
			};
			name = Release;
		};
		7C62C72C1D10A6E9007374D4 /* Debug */ = {
			isa = XCBuildConfiguration;
			buildSettings = {
				ASSETCATALOG_COMPILER_APPICON_NAME = AppIcon;
				COMBINE_HIDPI_IMAGES = YES;
				INFOPLIST_FILE = EmojifyApplication/Info.plist;
				LD_RUNPATH_SEARCH_PATHS = "$(inherited) @executable_path/../Frameworks";
				PRODUCT_BUNDLE_IDENTIFIER = com.bhargavg.EmojifyApplication;
				PRODUCT_NAME = "$(TARGET_NAME)";
				SWIFT_VERSION = 3.0;
			};
			name = Debug;
		};
		7C62C72D1D10A6E9007374D4 /* Release */ = {
			isa = XCBuildConfiguration;
			buildSettings = {
				ASSETCATALOG_COMPILER_APPICON_NAME = AppIcon;
				COMBINE_HIDPI_IMAGES = YES;
				INFOPLIST_FILE = EmojifyApplication/Info.plist;
				LD_RUNPATH_SEARCH_PATHS = "$(inherited) @executable_path/../Frameworks";
				PRODUCT_BUNDLE_IDENTIFIER = com.bhargavg.EmojifyApplication;
				PRODUCT_NAME = "$(TARGET_NAME)";
				SWIFT_VERSION = 3.0;
			};
			name = Release;
		};
/* End XCBuildConfiguration section */

/* Begin XCConfigurationList section */
		7C62C7191D10A6E9007374D4 /* Build configuration list for PBXProject "EmojifyApplication" */ = {
			isa = XCConfigurationList;
			buildConfigurations = (
				7C62C7291D10A6E9007374D4 /* Debug */,
				7C62C72A1D10A6E9007374D4 /* Release */,
			);
			defaultConfigurationIsVisible = 0;
			defaultConfigurationName = Release;
		};
		7C62C72B1D10A6E9007374D4 /* Build configuration list for PBXNativeTarget "EmojifyApplication" */ = {
			isa = XCConfigurationList;
			buildConfigurations = (
				7C62C72C1D10A6E9007374D4 /* Debug */,
				7C62C72D1D10A6E9007374D4 /* Release */,
			);
			defaultConfigurationIsVisible = 0;
		};
/* End XCConfigurationList section */
	};
	rootObject = 7C62C7161D10A6E9007374D4 /* Project object */;
}
